
Microsoft Visual Studio Solution File, Format Version 12.00
# Visual Studio Version 17
VisualStudioVersion = 17.0.31903.59
MinimumVisualStudioVersion = 10.0.40219.1
Project("{2150E333-8FDC-42A3-9474-1A3956D46DE8}") = "src", "src", "{7DBA40CB-8D72-45FB-80AA-3CBA0D34242E}"
EndProject
Project("{FAE04EC0-301F-11D3-BF4B-00C04F79EFBC}") = "Wyag.Cli", "src\Wyag.Cli\Wyag.Cli.csproj", "{55C56AA1-BC4D-439E-ACB0-BF7F02D54896}"
EndProject
Project("{FAE04EC0-301F-11D3-BF4B-00C04F79EFBC}") = "Wyag.Core", "src\Wyag.Core\Wyag.Core.csproj", "{C67C4D86-5EAC-416E-9AFE-58ED45E7EF45}"
EndProject
Global
	GlobalSection(SolutionConfigurationPlatforms) = preSolution
		Debug|Any CPU = Debug|Any CPU
		Release|Any CPU = Release|Any CPU
	EndGlobalSection
	GlobalSection(SolutionProperties) = preSolution
		HideSolutionNode = FALSE
	EndGlobalSection
	GlobalSection(ProjectConfigurationPlatforms) = postSolution
		{55C56AA1-BC4D-439E-ACB0-BF7F02D54896}.Debug|Any CPU.ActiveCfg = Debug|Any CPU
		{55C56AA1-BC4D-439E-ACB0-BF7F02D54896}.Debug|Any CPU.Build.0 = Debug|Any CPU
		{55C56AA1-BC4D-439E-ACB0-BF7F02D54896}.Release|Any CPU.ActiveCfg = Release|Any CPU
		{55C56AA1-BC4D-439E-ACB0-BF7F02D54896}.Release|Any CPU.Build.0 = Release|Any CPU
		{C67C4D86-5EAC-416E-9AFE-58ED45E7EF45}.Debug|Any CPU.ActiveCfg = Debug|Any CPU
		{C67C4D86-5EAC-416E-9AFE-58ED45E7EF45}.Debug|Any CPU.Build.0 = Debug|Any CPU
		{C67C4D86-5EAC-416E-9AFE-58ED45E7EF45}.Release|Any CPU.ActiveCfg = Release|Any CPU
		{C67C4D86-5EAC-416E-9AFE-58ED45E7EF45}.Release|Any CPU.Build.0 = Release|Any CPU
	EndGlobalSection
	GlobalSection(NestedProjects) = preSolution
		{55C56AA1-BC4D-439E-ACB0-BF7F02D54896} = {7DBA40CB-8D72-45FB-80AA-3CBA0D34242E}
		{C67C4D86-5EAC-416E-9AFE-58ED45E7EF45} = {7DBA40CB-8D72-45FB-80AA-3CBA0D34242E}
	EndGlobalSection
EndGlobal
